
Microsoft Visual Studio Solution File, Format Version 12.00
# Visual Studio Version 17
VisualStudioVersion = 17.10.35027.167
MinimumVisualStudioVersion = 10.0.40219.1
Project("{FAE04EC0-301F-11D3-BF4B-00C04F79EFBC}") = "CRM Tele2", "CRM Tele2.csproj", "{8838684D-8A1A-4A3A-91F9-6E99F38DBF43}"
EndProject
Global
	GlobalSection(SolutionConfigurationPlatforms) = preSolution
		Debug|Any CPU = Debug|Any CPU
		Release|Any CPU = Release|Any CPU
	EndGlobalSection
	GlobalSection(ProjectConfigurationPlatforms) = postSolution
		{8838684D-8A1A-4A3A-91F9-6E99F38DBF43}.Debug|Any CPU.ActiveCfg = Debug|Any CPU
		{8838684D-8A1A-4A3A-91F9-6E99F38DBF43}.Debug|Any CPU.Build.0 = Debug|Any CPU
		{8838684D-8A1A-4A3A-91F9-6E99F38DBF43}.Release|Any CPU.ActiveCfg = Release|Any CPU
		{8838684D-8A1A-4A3A-91F9-6E99F38DBF43}.Release|Any CPU.Build.0 = Release|Any CPU
	EndGlobalSection
	GlobalSection(SolutionProperties) = preSolution
		HideSolutionNode = FALSE
	EndGlobalSection
	GlobalSection(ExtensibilityGlobals) = postSolution
		SolutionGuid = {0FF2B174-AF13-4AE3-B511-0E0B4A0E996C}
	EndGlobalSection
EndGlobal
